
Microsoft Visual Studio Solution File, Format Version 12.00
# Visual Studio 15
VisualStudioVersion = 15.0.28307.102
MinimumVisualStudioVersion = 10.0.40219.1
Project("{9A19103F-16F7-4668-BE54-9A1E7A4F7556}") = "my8Blog.Admin", "my8Blog.Admin.csproj", "{99E25604-F2DD-40C4-9F60-6422C0F2BB5A}"
EndProject
Global
	GlobalSection(SolutionConfigurationPlatforms) = preSolution
		Debug|Any CPU = Debug|Any CPU
		Release|Any CPU = Release|Any CPU
	EndGlobalSection
	GlobalSection(ProjectConfigurationPlatforms) = postSolution
		{99E25604-F2DD-40C4-9F60-6422C0F2BB5A}.Debug|Any CPU.ActiveCfg = Debug|Any CPU
		{99E25604-F2DD-40C4-9F60-6422C0F2BB5A}.Debug|Any CPU.Build.0 = Debug|Any CPU
		{99E25604-F2DD-40C4-9F60-6422C0F2BB5A}.Release|Any CPU.ActiveCfg = Release|Any CPU
		{99E25604-F2DD-40C4-9F60-6422C0F2BB5A}.Release|Any CPU.Build.0 = Release|Any CPU
	EndGlobalSection
	GlobalSection(SolutionProperties) = preSolution
		HideSolutionNode = FALSE
	EndGlobalSection
	GlobalSection(ExtensibilityGlobals) = postSolution
		SolutionGuid = {3F293882-5BD5-4568-98DE-7D6D88934722}
	EndGlobalSection
EndGlobal
